# THIS IS AN AUTOGENERATED FILE. DO NOT EDIT THIS FILE DIRECTLY.
# yarn lockfile v1


typescript@^5.1.6:
  version "5.1.6"
  resolved "https://registry.yarnpkg.com/typescript/-/typescript-5.1.6.tgz#02f8ac202b6dad2c0dd5e0913745b47a37998274"
  integrity sha512-zaWCozRZ6DLEWAWFrVDz1H6FVXzUSfTy5FUMWsQlU8Ym5JP9eO4xkTIROFCQvhQf61z6O/G6ugw3SgAnvvm+HA==

zod@3.21.0:
  version "3.21.0"
  resolved "https://registry.yarnpkg.com/zod/-/zod-3.21.0.tgz#9e3cbbf741071bfed9c000d2b4e64d4d97291d12"
  integrity sha512-UYdykTcVxB6lfdyLzAqLyyYAlOcpoluECvjsdoaqfQmz9p+3LRaIqYcNiL/J2kFYp66fBM8wwBvIGVEjq7KtZw==
