# THIS IS AN AUTOGENERATED FILE. DO NOT EDIT THIS FILE DIRECTLY.
# yarn lockfile v1


typescript@^5.1.6:
  version "5.1.6"
  resolved "https://registry.yarnpkg.com/typescript/-/typescript-5.1.6.tgz#02f8ac202b6dad2c0dd5e0913745b47a37998274"
  integrity sha512-zaWCozRZ6DLEWAWFrVDz1H6FVXzUSfTy5FUMWsQlU8Ym5JP9eO4xkTIROFCQvhQf61z6O/G6ugw3SgAnvvm+HA==

zod@3.21.1:
  version "3.21.1"
  resolved "https://registry.yarnpkg.com/zod/-/zod-3.21.1.tgz#ac5bb7cf68876281ebd02f95ac4bb9a080370282"
  integrity sha512-+dTu2m6gmCbO9Ahm4ZBDapx2O6ZY9QSPXst2WXjcznPMwf2YNpn3RevLx4KkZp1OPW/ouFcoBtBzFz/LeY69oA==
